
Microsoft Visual Studio Solution File, Format Version 12.00
# Visual Studio Version 17
VisualStudioVersion = 17.13.35919.96
MinimumVisualStudioVersion = 10.0.40219.1
Project("{FAE04EC0-301F-11D3-BF4B-00C04F79EFBC}") = "projecttest", "projecttest\projecttest.csproj", "{6A8F107F-52E1-4035-BA72-6D4F89265C48}"
EndProject
Project("{FAE04EC0-301F-11D3-BF4B-00C04F79EFBC}") = "AccUtility", "AccUtility\AccUtility.csproj", "{19E96EDD-3C75-4003-8740-8AEF68BA4FCE}"
EndProject
Project("{FAE04EC0-301F-11D3-BF4B-00C04F79EFBC}") = "AccLogin", "AccLogin\AccLogin.csproj", "{0B11619F-B614-486E-8F52-90CDEEE656E4}"
EndProject
Global
	GlobalSection(SolutionConfigurationPlatforms) = preSolution
		Debug|Any CPU = Debug|Any CPU
		Release|Any CPU = Release|Any CPU
	EndGlobalSection
	GlobalSection(ProjectConfigurationPlatforms) = postSolution
		{6A8F107F-52E1-4035-BA72-6D4F89265C48}.Debug|Any CPU.ActiveCfg = Debug|Any CPU
		{6A8F107F-52E1-4035-BA72-6D4F89265C48}.Debug|Any CPU.Build.0 = Debug|Any CPU
		{6A8F107F-52E1-4035-BA72-6D4F89265C48}.Release|Any CPU.ActiveCfg = Release|Any CPU
		{6A8F107F-52E1-4035-BA72-6D4F89265C48}.Release|Any CPU.Build.0 = Release|Any CPU
		{19E96EDD-3C75-4003-8740-8AEF68BA4FCE}.Debug|Any CPU.ActiveCfg = Debug|Any CPU
		{19E96EDD-3C75-4003-8740-8AEF68BA4FCE}.Debug|Any CPU.Build.0 = Debug|Any CPU
		{19E96EDD-3C75-4003-8740-8AEF68BA4FCE}.Release|Any CPU.ActiveCfg = Release|Any CPU
		{19E96EDD-3C75-4003-8740-8AEF68BA4FCE}.Release|Any CPU.Build.0 = Release|Any CPU
		{0B11619F-B614-486E-8F52-90CDEEE656E4}.Debug|Any CPU.ActiveCfg = Debug|Any CPU
		{0B11619F-B614-486E-8F52-90CDEEE656E4}.Debug|Any CPU.Build.0 = Debug|Any CPU
		{0B11619F-B614-486E-8F52-90CDEEE656E4}.Release|Any CPU.ActiveCfg = Release|Any CPU
		{0B11619F-B614-486E-8F52-90CDEEE656E4}.Release|Any CPU.Build.0 = Release|Any CPU
	EndGlobalSection
	GlobalSection(SolutionProperties) = preSolution
		HideSolutionNode = FALSE
	EndGlobalSection
	GlobalSection(ExtensibilityGlobals) = postSolution
		SolutionGuid = {CD4744C5-6D60-47D8-9D07-7C48353107BE}
	EndGlobalSection
EndGlobal
